
Microsoft Visual Studio Solution File, Format Version 12.00
# Visual Studio 15
VisualStudioVersion = 15.0.28307.757
MinimumVisualStudioVersion = 10.0.40219.1
Project("{FAE04EC0-301F-11D3-BF4B-00C04F79EFBC}") = "Autoprops", "Autoprops\Autoprops.csproj", "{4F750963-001C-467E-A5E6-246BBCBC4428}"
EndProject
Global
	GlobalSection(SolutionConfigurationPlatforms) = preSolution
		Debug|Any CPU = Debug|Any CPU
		Release|Any CPU = Release|Any CPU
	EndGlobalSection
	GlobalSection(ProjectConfigurationPlatforms) = postSolution
		{4F750963-001C-467E-A5E6-246BBCBC4428}.Debug|Any CPU.ActiveCfg = Debug|Any CPU
		{4F750963-001C-467E-A5E6-246BBCBC4428}.Debug|Any CPU.Build.0 = Debug|Any CPU
		{4F750963-001C-467E-A5E6-246BBCBC4428}.Release|Any CPU.ActiveCfg = Release|Any CPU
		{4F750963-001C-467E-A5E6-246BBCBC4428}.Release|Any CPU.Build.0 = Release|Any CPU
	EndGlobalSection
	GlobalSection(SolutionProperties) = preSolution
		HideSolutionNode = FALSE
	EndGlobalSection
	GlobalSection(ExtensibilityGlobals) = postSolution
		SolutionGuid = {19437375-0739-4184-973B-3DD289F2377F}
	EndGlobalSection
EndGlobal
